
Microsoft Visual Studio Solution File, Format Version 12.00
# Visual Studio Version 17
VisualStudioVersion = 17.2.32630.192
MinimumVisualStudioVersion = 10.0.40219.1
Project("{FAE04EC0-301F-11D3-BF4B-00C04F79EFBC}") = "MVC_Demo.NET6", "MVC_Demo.NET6\MVC_Demo.NET6.csproj", "{970C9EDA-508B-4FD1-8D47-26B6BFD9262C}"
EndProject
Global
	GlobalSection(SolutionConfigurationPlatforms) = preSolution
		Debug|Any CPU = Debug|Any CPU
		Release|Any CPU = Release|Any CPU
	EndGlobalSection
	GlobalSection(ProjectConfigurationPlatforms) = postSolution
		{970C9EDA-508B-4FD1-8D47-26B6BFD9262C}.Debug|Any CPU.ActiveCfg = Debug|Any CPU
		{970C9EDA-508B-4FD1-8D47-26B6BFD9262C}.Debug|Any CPU.Build.0 = Debug|Any CPU
		{970C9EDA-508B-4FD1-8D47-26B6BFD9262C}.Release|Any CPU.ActiveCfg = Release|Any CPU
		{970C9EDA-508B-4FD1-8D47-26B6BFD9262C}.Release|Any CPU.Build.0 = Release|Any CPU
	EndGlobalSection
	GlobalSection(SolutionProperties) = preSolution
		HideSolutionNode = FALSE
	EndGlobalSection
	GlobalSection(ExtensibilityGlobals) = postSolution
		SolutionGuid = {1D84AAC2-2F16-46DB-838B-37B3DBBEAB07}
	EndGlobalSection
EndGlobal
